
Microsoft Visual Studio Solution File, Format Version 12.00
# Visual Studio Version 16
VisualStudioVersion = 16.0.31402.337
MinimumVisualStudioVersion = 10.0.40219.1
Project("{FAE04EC0-301F-11D3-BF4B-00C04F79EFBC}") = "ConsoleApp2", "ConsoleApp2\ConsoleApp2.csproj", "{DD33B609-F3E3-4AE4-A821-45617F9E2A5F}"
EndProject
Global
	GlobalSection(SolutionConfigurationPlatforms) = preSolution
		Debug|Any CPU = Debug|Any CPU
		Release|Any CPU = Release|Any CPU
	EndGlobalSection
	GlobalSection(ProjectConfigurationPlatforms) = postSolution
		{DD33B609-F3E3-4AE4-A821-45617F9E2A5F}.Debug|Any CPU.ActiveCfg = Debug|Any CPU
		{DD33B609-F3E3-4AE4-A821-45617F9E2A5F}.Debug|Any CPU.Build.0 = Debug|Any CPU
		{DD33B609-F3E3-4AE4-A821-45617F9E2A5F}.Release|Any CPU.ActiveCfg = Release|Any CPU
		{DD33B609-F3E3-4AE4-A821-45617F9E2A5F}.Release|Any CPU.Build.0 = Release|Any CPU
	EndGlobalSection
	GlobalSection(SolutionProperties) = preSolution
		HideSolutionNode = FALSE
	EndGlobalSection
	GlobalSection(ExtensibilityGlobals) = postSolution
		SolutionGuid = {2EC432CC-FC38-4AF4-8D8F-CA7227F26EC9}
	EndGlobalSection
EndGlobal
